
Microsoft Visual Studio Solution File, Format Version 12.00
# Visual Studio 15
VisualStudioVersion = 15.0.28107.0
MinimumVisualStudioVersion = 10.0.40219.1
Project("{E24C65DC-7377-472B-9ABA-BC803B73C61A}") = "MultiTexture", "MultiTexture\", "{4C602C2F-8660-4794-B731-97680994FBB6}"
	ProjectSection(WebsiteProperties) = preProject
		TargetFrameworkMoniker = ".NETFramework,Version%3Dv4.6.1"
		Debug.AspNetCompiler.VirtualPath = "/localhost_54722"
		Debug.AspNetCompiler.PhysicalPath = "MultiTexture\"
		Debug.AspNetCompiler.TargetPath = "PrecompiledWeb\localhost_54722\"
		Debug.AspNetCompiler.Updateable = "true"
		Debug.AspNetCompiler.ForceOverwrite = "true"
		Debug.AspNetCompiler.FixedNames = "false"
		Debug.AspNetCompiler.Debug = "True"
		Release.AspNetCompiler.VirtualPath = "/localhost_54722"
		Release.AspNetCompiler.PhysicalPath = "MultiTexture\"
		Release.AspNetCompiler.TargetPath = "PrecompiledWeb\localhost_54722\"
		Release.AspNetCompiler.Updateable = "true"
		Release.AspNetCompiler.ForceOverwrite = "true"
		Release.AspNetCompiler.FixedNames = "false"
		Release.AspNetCompiler.Debug = "False"
		VWDPort = "54722"
		SlnRelativePath = "MultiTexture\"
		DefaultWebSiteLanguage = "Visual C#"
	EndProjectSection
EndProject
Global
	GlobalSection(SolutionConfigurationPlatforms) = preSolution
		Debug|Any CPU = Debug|Any CPU
	EndGlobalSection
	GlobalSection(ProjectConfigurationPlatforms) = postSolution
		{4C602C2F-8660-4794-B731-97680994FBB6}.Debug|Any CPU.ActiveCfg = Debug|Any CPU
		{4C602C2F-8660-4794-B731-97680994FBB6}.Debug|Any CPU.Build.0 = Debug|Any CPU
	EndGlobalSection
	GlobalSection(SolutionProperties) = preSolution
		HideSolutionNode = FALSE
	EndGlobalSection
	GlobalSection(ExtensibilityGlobals) = postSolution
		SolutionGuid = {6D2DE663-74F3-4805-99A9-D17A9993159A}
	EndGlobalSection
EndGlobal
